// !$*UTF8*$!
{
	archiveVersion = 1;
	classes = {
	};
	objectVersion = 46;
	objects = {

/* Begin PBXBuildFile section */
		3CE0128E14FECDB4001D565A /* MapKit.framework in Frameworks */ = {isa = PBXBuildFile; fileRef = 3CE0128B14FECDAB001D565A /* MapKit.framework */; };
		3CE0129514FECF3B001D565A /* MapViewController.m in Sources */ = {isa = PBXBuildFile; fileRef = 3CE0129414FECF3B001D565A /* MapViewController.m */; };
		3CE9FED214C64D9E00CC79C9 /* SendState.m in Sources */ = {isa = PBXBuildFile; fileRef = 3CE9FED114C64D9E00CC79C9 /* SendState.m */; };
		3CE9FED714C650D800CC79C9 /* NoSendState.m in Sources */ = {isa = PBXBuildFile; fileRef = 3CE9FED614C650D800CC79C9 /* NoSendState.m */; };
		3CE9FEDA14C650FE00CC79C9 /* SendingSendState.m in Sources */ = {isa = PBXBuildFile; fileRef = 3CE9FED914C650FE00CC79C9 /* SendingSendState.m */; };
		3CE9FEDD14C6511B00CC79C9 /* SendableSendState.m in Sources */ = {isa = PBXBuildFile; fileRef = 3CE9FEDC14C6511A00CC79C9 /* SendableSendState.m */; };
		A101D9AC14A2ACE900DFC446 /* config-test.plist in Resources */ = {isa = PBXBuildFile; fileRef = A101D9AB14A2ACE900DFC446 /* config-test.plist */; };
		A101D9AD14A2ADAE00DFC446 /* config-test.plist in Resources */ = {isa = PBXBuildFile; fileRef = A101D9AB14A2ACE900DFC446 /* config-test.plist */; };
		A14AC87C1494383300C36EB6 /* FileSenderTest.m in Sources */ = {isa = PBXBuildFile; fileRef = A14AC87B1494383300C36EB6 /* FileSenderTest.m */; };
		A169767C14873199006E8AB7 /* UIKit.framework in Frameworks */ = {isa = PBXBuildFile; fileRef = A169767B14873199006E8AB7 /* UIKit.framework */; };
		A16AEBD31483F0480079A0AA /* LocationManagerHandler.m in Sources */ = {isa = PBXBuildFile; fileRef = A16AEBD21483F0480079A0AA /* LocationManagerHandler.m */; };
		A16AEBD7148432CD0079A0AA /* DatePickerController.m in Sources */ = {isa = PBXBuildFile; fileRef = A16AEBD6148432CD0079A0AA /* DatePickerController.m */; };
		A16E8C00148075B800F66E96 /* Foundation.framework in Frameworks */ = {isa = PBXBuildFile; fileRef = A16E8BFF148075B800F66E96 /* Foundation.framework */; };
		A16E8C04148075B800F66E96 /* CoreData.framework in Frameworks */ = {isa = PBXBuildFile; fileRef = A16E8C03148075B800F66E96 /* CoreData.framework */; };
		A16E8C0A148075B800F66E96 /* InfoPlist.strings in Resources */ = {isa = PBXBuildFile; fileRef = A16E8C08148075B800F66E96 /* InfoPlist.strings */; };
		A16E8C0C148075B800F66E96 /* main.m in Sources */ = {isa = PBXBuildFile; fileRef = A16E8C0B148075B800F66E96 /* main.m */; };
		A16E8C10148075B800F66E96 /* DMAppDelegate.m in Sources */ = {isa = PBXBuildFile; fileRef = A16E8C0F148075B800F66E96 /* DMAppDelegate.m */; };
		A16E8C13148075B800F66E96 /* DataMobile.xcdatamodeld in Sources */ = {isa = PBXBuildFile; fileRef = A16E8C11148075B800F66E96 /* DataMobile.xcdatamodeld */; };
		A16E8C221480760300F66E96 /* CoreLocation.framework in Frameworks */ = {isa = PBXBuildFile; fileRef = A16E8C211480760300F66E96 /* CoreLocation.framework */; };
		A18CD05D14916716000CC7E7 /* SenTestingKit.framework in Frameworks */ = {isa = PBXBuildFile; fileRef = A18CD05C14916716000CC7E7 /* SenTestingKit.framework */; };
		A18CD05E14916716000CC7E7 /* UIKit.framework in Frameworks */ = {isa = PBXBuildFile; fileRef = A169767B14873199006E8AB7 /* UIKit.framework */; };
		A18CD05F14916716000CC7E7 /* Foundation.framework in Frameworks */ = {isa = PBXBuildFile; fileRef = A16E8BFF148075B800F66E96 /* Foundation.framework */; };
		A18CD06514916716000CC7E7 /* InfoPlist.strings in Resources */ = {isa = PBXBuildFile; fileRef = A18CD06314916716000CC7E7 /* InfoPlist.strings */; };
		A18CD07214916949000CC7E7 /* TestTest.m in Sources */ = {isa = PBXBuildFile; fileRef = A18CD07114916949000CC7E7 /* TestTest.m */; };
		A18CD074149169E9000CC7E7 /* Location.gpx in Resources */ = {isa = PBXBuildFile; fileRef = A18CD073149169E9000CC7E7 /* Location.gpx */; };
		A18F3290148309CA0029B2BF /* FileSender.m in Sources */ = {isa = PBXBuildFile; fileRef = A18F328F148309CA0029B2BF /* FileSender.m */; };
		A196CDE81480784600F61C06 /* CSVExporter.m in Sources */ = {isa = PBXBuildFile; fileRef = A196CDE71480784600F61C06 /* CSVExporter.m */; };
		A196CDEC1480785C00F61C06 /* AlertViewManager.m in Sources */ = {isa = PBXBuildFile; fileRef = A196CDEB1480785C00F61C06 /* AlertViewManager.m */; };
		A196CDEE148078CD00F61C06 /* Storyboard.storyboard in Resources */ = {isa = PBXBuildFile; fileRef = A196CDED148078CD00F61C06 /* Storyboard.storyboard */; };
		A196CDF11480790700F61C06 /* MainViewController.m in Sources */ = {isa = PBXBuildFile; fileRef = A196CDF01480790700F61C06 /* MainViewController.m */; };
		A1FA278B149C2220009745EB /* config.plist in Resources */ = {isa = PBXBuildFile; fileRef = A1FA278A149C2220009745EB /* config.plist */; };
		A1FA278E149C22D4009745EB /* Config.m in Sources */ = {isa = PBXBuildFile; fileRef = A1FA278D149C22D4009745EB /* Config.m */; };
		A1FA2792149C2C2F009745EB /* ConfigTest.m in Sources */ = {isa = PBXBuildFile; fileRef = A1FA2791149C2C2F009745EB /* ConfigTest.m */; };
/* End PBXBuildFile section */

/* Begin PBXContainerItemProxy section */
		A18CD06E1491672A000CC7E7 /* PBXContainerItemProxy */ = {
			isa = PBXContainerItemProxy;
			containerPortal = A16E8BF0148075B800F66E96 /* Project object */;
			proxyType = 1;
			remoteGlobalIDString = A16E8BF8148075B800F66E96;
			remoteInfo = DataMobile;
		};
/* End PBXContainerItemProxy section */

/* Begin PBXFileReference section */
		3CE0128B14FECDAB001D565A /* MapKit.framework */ = {isa = PBXFileReference; lastKnownFileType = wrapper.framework; name = MapKit.framework; path = System/Library/Frameworks/MapKit.framework; sourceTree = SDKROOT; };
		3CE0129314FECF3B001D565A /* MapViewController.h */ = {isa = PBXFileReference; fileEncoding = 4; lastKnownFileType = sourcecode.c.h; path = MapViewController.h; sourceTree = "<group>"; };
		3CE0129414FECF3B001D565A /* MapViewController.m */ = {isa = PBXFileReference; fileEncoding = 4; lastKnownFileType = sourcecode.c.objc; path = MapViewController.m; sourceTree = "<group>"; };
		3CE9FECC14C6472000CC79C9 /* SendState.h */ = {isa = PBXFileReference; fileEncoding = 4; lastKnownFileType = sourcecode.c.h; name = SendState.h; path = State/SendState.h; sourceTree = "<group>"; };
		3CE9FED114C64D9E00CC79C9 /* SendState.m */ = {isa = PBXFileReference; fileEncoding = 4; lastKnownFileType = sourcecode.c.objc; path = SendState.m; sourceTree = "<group>"; };
		3CE9FED514C650D800CC79C9 /* NoSendState.h */ = {isa = PBXFileReference; fileEncoding = 4; lastKnownFileType = sourcecode.c.h; path = NoSendState.h; sourceTree = "<group>"; };
		3CE9FED614C650D800CC79C9 /* NoSendState.m */ = {isa = PBXFileReference; fileEncoding = 4; lastKnownFileType = sourcecode.c.objc; path = NoSendState.m; sourceTree = "<group>"; };
		3CE9FED814C650FE00CC79C9 /* SendingSendState.h */ = {isa = PBXFileReference; fileEncoding = 4; lastKnownFileType = sourcecode.c.h; path = SendingSendState.h; sourceTree = "<group>"; };
		3CE9FED914C650FE00CC79C9 /* SendingSendState.m */ = {isa = PBXFileReference; fileEncoding = 4; lastKnownFileType = sourcecode.c.objc; path = SendingSendState.m; sourceTree = "<group>"; };
		3CE9FEDB14C6511A00CC79C9 /* SendableSendState.h */ = {isa = PBXFileReference; fileEncoding = 4; lastKnownFileType = sourcecode.c.h; path = SendableSendState.h; sourceTree = "<group>"; };
		3CE9FEDC14C6511A00CC79C9 /* SendableSendState.m */ = {isa = PBXFileReference; fileEncoding = 4; lastKnownFileType = sourcecode.c.objc; path = SendableSendState.m; sourceTree = "<group>"; };
		A101D9AB14A2ACE900DFC446 /* config-test.plist */ = {isa = PBXFileReference; fileEncoding = 4; lastKnownFileType = text.plist.xml; name = "config-test.plist"; path = "DataMobileTest/DataMobileTests/DataMobileTests/config-test.plist"; sourceTree = SOURCE_ROOT; };
		A14AC87B1494383300C36EB6 /* FileSenderTest.m */ = {isa = PBXFileReference; fileEncoding = 4; lastKnownFileType = sourcecode.c.objc; path = FileSenderTest.m; sourceTree = "<group>"; };
		A169767B14873199006E8AB7 /* UIKit.framework */ = {isa = PBXFileReference; lastKnownFileType = wrapper.framework; name = UIKit.framework; path = System/Library/Frameworks/UIKit.framework; sourceTree = SDKROOT; };
		A16979B01487399F006E8AB7 /* CFNetwork.framework */ = {isa = PBXFileReference; lastKnownFileType = wrapper.framework; name = CFNetwork.framework; path = System/Library/Frameworks/CFNetwork.framework; sourceTree = SDKROOT; };
		A16979B2148739B1006E8AB7 /* libz.dylib */ = {isa = PBXFileReference; lastKnownFileType = "compiled.mach-o.dylib"; name = libz.dylib; path = usr/lib/libz.dylib; sourceTree = SDKROOT; };
		A16979B4148739C3006E8AB7 /* CoreGraphics.framework */ = {isa = PBXFileReference; lastKnownFileType = wrapper.framework; name = CoreGraphics.framework; path = System/Library/Frameworks/CoreGraphics.framework; sourceTree = SDKROOT; };
		A16979B6148739C9006E8AB7 /* MobileCoreServices.framework */ = {isa = PBXFileReference; lastKnownFileType = wrapper.framework; name = MobileCoreServices.framework; path = System/Library/Frameworks/MobileCoreServices.framework; sourceTree = SDKROOT; };
		A16979B8148739D4006E8AB7 /* SystemConfiguration.framework */ = {isa = PBXFileReference; lastKnownFileType = wrapper.framework; name = SystemConfiguration.framework; path = System/Library/Frameworks/SystemConfiguration.framework; sourceTree = SDKROOT; };
		A16AEBD11483F0480079A0AA /* LocationManagerHandler.h */ = {isa = PBXFileReference; fileEncoding = 4; lastKnownFileType = sourcecode.c.h; path = LocationManagerHandler.h; sourceTree = "<group>"; };
		A16AEBD21483F0480079A0AA /* LocationManagerHandler.m */ = {isa = PBXFileReference; fileEncoding = 4; lastKnownFileType = sourcecode.c.objc; path = LocationManagerHandler.m; sourceTree = "<group>"; };
		A16AEBD5148432CD0079A0AA /* DatePickerController.h */ = {isa = PBXFileReference; fileEncoding = 4; lastKnownFileType = sourcecode.c.h; path = DatePickerController.h; sourceTree = "<group>"; };
		A16AEBD6148432CD0079A0AA /* DatePickerController.m */ = {isa = PBXFileReference; fileEncoding = 4; lastKnownFileType = sourcecode.c.objc; path = DatePickerController.m; sourceTree = "<group>"; };
		A16E8BF9148075B800F66E96 /* DataMobile.app */ = {isa = PBXFileReference; explicitFileType = wrapper.application; includeInIndex = 0; path = DataMobile.app; sourceTree = BUILT_PRODUCTS_DIR; };
		A16E8BFF148075B800F66E96 /* Foundation.framework */ = {isa = PBXFileReference; lastKnownFileType = wrapper.framework; name = Foundation.framework; path = System/Library/Frameworks/Foundation.framework; sourceTree = SDKROOT; };
		A16E8C03148075B800F66E96 /* CoreData.framework */ = {isa = PBXFileReference; lastKnownFileType = wrapper.framework; name = CoreData.framework; path = System/Library/Frameworks/CoreData.framework; sourceTree = SDKROOT; };
		A16E8C07148075B800F66E96 /* DataMobile-Info.plist */ = {isa = PBXFileReference; lastKnownFileType = text.plist.xml; path = "DataMobile-Info.plist"; sourceTree = "<group>"; };
		A16E8C09148075B800F66E96 /* en */ = {isa = PBXFileReference; lastKnownFileType = text.plist.strings; name = en; path = en.lproj/InfoPlist.strings; sourceTree = "<group>"; };
		A16E8C0B148075B800F66E96 /* main.m */ = {isa = PBXFileReference; lastKnownFileType = sourcecode.c.objc; path = main.m; sourceTree = "<group>"; };
		A16E8C0D148075B800F66E96 /* DataMobile-Prefix.pch */ = {isa = PBXFileReference; lastKnownFileType = sourcecode.c.h; path = "DataMobile-Prefix.pch"; sourceTree = "<group>"; };
		A16E8C0E148075B800F66E96 /* DMAppDelegate.h */ = {isa = PBXFileReference; lastKnownFileType = sourcecode.c.h; path = DMAppDelegate.h; sourceTree = "<group>"; };
		A16E8C0F148075B800F66E96 /* DMAppDelegate.m */ = {isa = PBXFileReference; lastKnownFileType = sourcecode.c.objc; path = DMAppDelegate.m; sourceTree = "<group>"; };
		A16E8C12148075B800F66E96 /* DataMobile.xcdatamodel */ = {isa = PBXFileReference; lastKnownFileType = wrapper.xcdatamodel; path = DataMobile.xcdatamodel; sourceTree = "<group>"; };
		A16E8C211480760300F66E96 /* CoreLocation.framework */ = {isa = PBXFileReference; lastKnownFileType = wrapper.framework; name = CoreLocation.framework; path = System/Library/Frameworks/CoreLocation.framework; sourceTree = SDKROOT; };
		A18CD05B14916716000CC7E7 /* DataMobileTest.octest */ = {isa = PBXFileReference; explicitFileType = wrapper.cfbundle; includeInIndex = 0; path = DataMobileTest.octest; sourceTree = BUILT_PRODUCTS_DIR; };
		A18CD05C14916716000CC7E7 /* SenTestingKit.framework */ = {isa = PBXFileReference; lastKnownFileType = wrapper.framework; name = SenTestingKit.framework; path = Library/Frameworks/SenTestingKit.framework; sourceTree = DEVELOPER_DIR; };
		A18CD06214916716000CC7E7 /* DataMobileTest-Info.plist */ = {isa = PBXFileReference; lastKnownFileType = text.plist.xml; path = "DataMobileTest-Info.plist"; sourceTree = "<group>"; };
		A18CD06414916716000CC7E7 /* en */ = {isa = PBXFileReference; lastKnownFileType = text.plist.strings; name = en; path = en.lproj/InfoPlist.strings; sourceTree = "<group>"; };
		A18CD06914916716000CC7E7 /* DataMobileTest-Prefix.pch */ = {isa = PBXFileReference; lastKnownFileType = sourcecode.c.h; path = "DataMobileTest-Prefix.pch"; sourceTree = "<group>"; };
		A18CD07014916949000CC7E7 /* TestTest.h */ = {isa = PBXFileReference; fileEncoding = 4; lastKnownFileType = sourcecode.c.h; path = TestTest.h; sourceTree = "<group>"; };
		A18CD07114916949000CC7E7 /* TestTest.m */ = {isa = PBXFileReference; fileEncoding = 4; lastKnownFileType = sourcecode.c.objc; path = TestTest.m; sourceTree = "<group>"; };
		A18CD073149169E9000CC7E7 /* Location.gpx */ = {isa = PBXFileReference; fileEncoding = 4; lastKnownFileType = text.xml; path = Location.gpx; sourceTree = "<group>"; };
		A18F328E148309CA0029B2BF /* FileSender.h */ = {isa = PBXFileReference; fileEncoding = 4; lastKnownFileType = sourcecode.c.h; path = FileSender.h; sourceTree = "<group>"; };
		A18F328F148309CA0029B2BF /* FileSender.m */ = {isa = PBXFileReference; fileEncoding = 4; lastKnownFileType = sourcecode.c.objc; path = FileSender.m; sourceTree = "<group>"; };
		A196CDE61480784600F61C06 /* CSVExporter.h */ = {isa = PBXFileReference; fileEncoding = 4; lastKnownFileType = sourcecode.c.h; path = CSVExporter.h; sourceTree = "<group>"; };
		A196CDE71480784600F61C06 /* CSVExporter.m */ = {isa = PBXFileReference; fileEncoding = 4; lastKnownFileType = sourcecode.c.objc; path = CSVExporter.m; sourceTree = "<group>"; };
		A196CDEA1480785C00F61C06 /* AlertViewManager.h */ = {isa = PBXFileReference; fileEncoding = 4; lastKnownFileType = sourcecode.c.h; path = AlertViewManager.h; sourceTree = "<group>"; };
		A196CDEB1480785C00F61C06 /* AlertViewManager.m */ = {isa = PBXFileReference; fileEncoding = 4; lastKnownFileType = sourcecode.c.objc; path = AlertViewManager.m; sourceTree = "<group>"; };
		A196CDED148078CD00F61C06 /* Storyboard.storyboard */ = {isa = PBXFileReference; fileEncoding = 4; lastKnownFileType = file.storyboard; path = Storyboard.storyboard; sourceTree = "<group>"; };
		A196CDEF1480790600F61C06 /* MainViewController.h */ = {isa = PBXFileReference; fileEncoding = 4; lastKnownFileType = sourcecode.c.h; path = MainViewController.h; sourceTree = "<group>"; };
		A196CDF01480790700F61C06 /* MainViewController.m */ = {isa = PBXFileReference; fileEncoding = 4; lastKnownFileType = sourcecode.c.objc; path = MainViewController.m; sourceTree = "<group>"; };
		A1FA278A149C2220009745EB /* config.plist */ = {isa = PBXFileReference; fileEncoding = 4; lastKnownFileType = text.plist.xml; path = config.plist; sourceTree = "<group>"; };
		A1FA278C149C22D4009745EB /* Config.h */ = {isa = PBXFileReference; fileEncoding = 4; lastKnownFileType = sourcecode.c.h; path = Config.h; sourceTree = "<group>"; };
		A1FA278D149C22D4009745EB /* Config.m */ = {isa = PBXFileReference; fileEncoding = 4; lastKnownFileType = sourcecode.c.objc; path = Config.m; sourceTree = "<group>"; };
		A1FA2790149C2C2F009745EB /* ConfigTest.h */ = {isa = PBXFileReference; fileEncoding = 4; lastKnownFileType = sourcecode.c.h; path = ConfigTest.h; sourceTree = "<group>"; };
		A1FA2791149C2C2F009745EB /* ConfigTest.m */ = {isa = PBXFileReference; fileEncoding = 4; lastKnownFileType = sourcecode.c.objc; path = ConfigTest.m; sourceTree = "<group>"; };
		A1FBE3641486F1C200BB3D5F /* AlertObserver.h */ = {isa = PBXFileReference; fileEncoding = 4; lastKnownFileType = sourcecode.c.h; path = AlertObserver.h; sourceTree = "<group>"; };
/* End PBXFileReference section */

/* Begin PBXFrameworksBuildPhase section */
		A16E8BF6148075B800F66E96 /* Frameworks */ = {
			isa = PBXFrameworksBuildPhase;
			buildActionMask = 2147483647;
			files = (
				3CE0128E14FECDB4001D565A /* MapKit.framework in Frameworks */,
				A169767C14873199006E8AB7 /* UIKit.framework in Frameworks */,
				A16E8C221480760300F66E96 /* CoreLocation.framework in Frameworks */,
				A16E8C00148075B800F66E96 /* Foundation.framework in Frameworks */,
				A16E8C04148075B800F66E96 /* CoreData.framework in Frameworks */,
			);
			runOnlyForDeploymentPostprocessing = 0;
		};
		A18CD05714916716000CC7E7 /* Frameworks */ = {
			isa = PBXFrameworksBuildPhase;
			buildActionMask = 2147483647;
			files = (
				A18CD05D14916716000CC7E7 /* SenTestingKit.framework in Frameworks */,
				A18CD05E14916716000CC7E7 /* UIKit.framework in Frameworks */,
				A18CD05F14916716000CC7E7 /* Foundation.framework in Frameworks */,
			);
			runOnlyForDeploymentPostprocessing = 0;
		};
/* End PBXFrameworksBuildPhase section */

/* Begin PBXGroup section */
		3CE9FED414C6509500CC79C9 /* SendStates */ = {
			isa = PBXGroup;
			children = (
				3CE9FECC14C6472000CC79C9 /* SendState.h */,
				3CE9FED114C64D9E00CC79C9 /* SendState.m */,
				3CE9FED514C650D800CC79C9 /* NoSendState.h */,
				3CE9FED614C650D800CC79C9 /* NoSendState.m */,
				3CE9FED814C650FE00CC79C9 /* SendingSendState.h */,
				3CE9FED914C650FE00CC79C9 /* SendingSendState.m */,
				3CE9FEDB14C6511A00CC79C9 /* SendableSendState.h */,
				3CE9FEDC14C6511A00CC79C9 /* SendableSendState.m */,
			);
			name = SendStates;
			sourceTree = "<group>";
		};
		A16E8BEE148075B800F66E96 = {
			isa = PBXGroup;
			children = (
				A16E8C05148075B800F66E96 /* DataMobile */,
				A18CD06014916716000CC7E7 /* DataMobileTest */,
				A16E8BFC148075B800F66E96 /* Frameworks */,
				A16E8BFA148075B800F66E96 /* Products */,
			);
			sourceTree = "<group>";
		};
		A16E8BFA148075B800F66E96 /* Products */ = {
			isa = PBXGroup;
			children = (
				A16E8BF9148075B800F66E96 /* DataMobile.app */,
				A18CD05B14916716000CC7E7 /* DataMobileTest.octest */,
			);
			name = Products;
			sourceTree = "<group>";
		};
		A16E8BFC148075B800F66E96 /* Frameworks */ = {
			isa = PBXGroup;
			children = (
				3CE0128B14FECDAB001D565A /* MapKit.framework */,
				A16979B2148739B1006E8AB7 /* libz.dylib */,
				A16979B01487399F006E8AB7 /* CFNetwork.framework */,
				A16979B8148739D4006E8AB7 /* SystemConfiguration.framework */,
				A16979B6148739C9006E8AB7 /* MobileCoreServices.framework */,
				A16979B4148739C3006E8AB7 /* CoreGraphics.framework */,
				A169767B14873199006E8AB7 /* UIKit.framework */,
				A16E8C211480760300F66E96 /* CoreLocation.framework */,
				A16E8BFF148075B800F66E96 /* Foundation.framework */,
				A16E8C03148075B800F66E96 /* CoreData.framework */,
				A18CD05C14916716000CC7E7 /* SenTestingKit.framework */,
			);
			name = Frameworks;
			sourceTree = "<group>";
		};
		A16E8C05148075B800F66E96 /* DataMobile */ = {
			isa = PBXGroup;
			children = (
				A196CDED148078CD00F61C06 /* Storyboard.storyboard */,
				A1FBE3631486F18400BB3D5F /* Controllers */,
				A16E8C0E148075B800F66E96 /* DMAppDelegate.h */,
				A16E8C0F148075B800F66E96 /* DMAppDelegate.m */,
				A1FBE3651486F2E700BB3D5F /* AlertManager */,
				A1FBE3681486F3D900BB3D5F /* MyLocationManager */,
				A1FA278F149C2310009745EB /* Utilities */,
				A16E8C11148075B800F66E96 /* DataMobile.xcdatamodeld */,
				A16E8C06148075B800F66E96 /* Supporting Files */,
			);
			path = DataMobile;
			sourceTree = "<group>";
		};
		A16E8C06148075B800F66E96 /* Supporting Files */ = {
			isa = PBXGroup;
			children = (
				A16E8C07148075B800F66E96 /* DataMobile-Info.plist */,
				A16E8C08148075B800F66E96 /* InfoPlist.strings */,
				A16E8C0B148075B800F66E96 /* main.m */,
				A16E8C0D148075B800F66E96 /* DataMobile-Prefix.pch */,
				A1FA278A149C2220009745EB /* config.plist */,
				A101D9AB14A2ACE900DFC446 /* config-test.plist */,
			);
			name = "Supporting Files";
			sourceTree = "<group>";
		};
		A18CD06014916716000CC7E7 /* DataMobileTest */ = {
			isa = PBXGroup;
			children = (
				A18CD06114916716000CC7E7 /* Supporting Files */,
				A18CD07014916949000CC7E7 /* TestTest.h */,
				A18CD07114916949000CC7E7 /* TestTest.m */,
				A18CD073149169E9000CC7E7 /* Location.gpx */,
				A14AC87B1494383300C36EB6 /* FileSenderTest.m */,
				A1FA2790149C2C2F009745EB /* ConfigTest.h */,
				A1FA2791149C2C2F009745EB /* ConfigTest.m */,
			);
			path = DataMobileTest;
			sourceTree = "<group>";
		};
		A18CD06114916716000CC7E7 /* Supporting Files */ = {
			isa = PBXGroup;
			children = (
				A18CD06214916716000CC7E7 /* DataMobileTest-Info.plist */,
				A18CD06314916716000CC7E7 /* InfoPlist.strings */,
				A18CD06914916716000CC7E7 /* DataMobileTest-Prefix.pch */,
			);
			name = "Supporting Files";
			sourceTree = "<group>";
		};
		A1FA278F149C2310009745EB /* Utilities */ = {
			isa = PBXGroup;
			children = (
				A196CDE61480784600F61C06 /* CSVExporter.h */,
				A196CDE71480784600F61C06 /* CSVExporter.m */,
				A18F328E148309CA0029B2BF /* FileSender.h */,
				A18F328F148309CA0029B2BF /* FileSender.m */,
				A1FA278C149C22D4009745EB /* Config.h */,
				A1FA278D149C22D4009745EB /* Config.m */,
			);
			name = Utilities;
			sourceTree = "<group>";
		};
		A1FBE3631486F18400BB3D5F /* Controllers */ = {
			isa = PBXGroup;
			children = (
				3CE9FED414C6509500CC79C9 /* SendStates */,
				A196CDEF1480790600F61C06 /* MainViewController.h */,
				A196CDF01480790700F61C06 /* MainViewController.m */,
				A16AEBD5148432CD0079A0AA /* DatePickerController.h */,
				A16AEBD6148432CD0079A0AA /* DatePickerController.m */,
				3CE0129314FECF3B001D565A /* MapViewController.h */,
				3CE0129414FECF3B001D565A /* MapViewController.m */,
			);
			name = Controllers;
			sourceTree = "<group>";
		};
		A1FBE3651486F2E700BB3D5F /* AlertManager */ = {
			isa = PBXGroup;
			children = (
				A1FBE3641486F1C200BB3D5F /* AlertObserver.h */,
				A196CDEA1480785C00F61C06 /* AlertViewManager.h */,
				A196CDEB1480785C00F61C06 /* AlertViewManager.m */,
			);
			name = AlertManager;
			sourceTree = "<group>";
		};
		A1FBE3681486F3D900BB3D5F /* MyLocationManager */ = {
			isa = PBXGroup;
			children = (
				A16AEBD11483F0480079A0AA /* LocationManagerHandler.h */,
				A16AEBD21483F0480079A0AA /* LocationManagerHandler.m */,
			);
			name = MyLocationManager;
			sourceTree = "<group>";
		};
/* End PBXGroup section */

/* Begin PBXNativeTarget section */
		A16E8BF8148075B800F66E96 /* DataMobile */ = {
			isa = PBXNativeTarget;
			buildConfigurationList = A16E8C16148075B800F66E96 /* Build configuration list for PBXNativeTarget "DataMobile" */;
			buildPhases = (
				A16E8BF5148075B800F66E96 /* Sources */,
				A16E8BF6148075B800F66E96 /* Frameworks */,
				A16E8BF7148075B800F66E96 /* Resources */,
			);
			buildRules = (
			);
			dependencies = (
			);
			name = DataMobile;
			productName = DataMobile;
			productReference = A16E8BF9148075B800F66E96 /* DataMobile.app */;
			productType = "com.apple.product-type.application";
		};
		A18CD05A14916716000CC7E7 /* DataMobileTest */ = {
			isa = PBXNativeTarget;
			buildConfigurationList = A18CD06C14916716000CC7E7 /* Build configuration list for PBXNativeTarget "DataMobileTest" */;
			buildPhases = (
				A18CD05614916716000CC7E7 /* Sources */,
				A18CD05714916716000CC7E7 /* Frameworks */,
				A18CD05814916716000CC7E7 /* Resources */,
				A18CD05914916716000CC7E7 /* ShellScript */,
			);
			buildRules = (
			);
			dependencies = (
				A18CD06F1491672A000CC7E7 /* PBXTargetDependency */,
			);
			name = DataMobileTest;
			productName = DataMobileTest;
			productReference = A18CD05B14916716000CC7E7 /* DataMobileTest.octest */;
			productType = "com.apple.product-type.bundle";
		};
/* End PBXNativeTarget section */

/* Begin PBXProject section */
		A16E8BF0148075B800F66E96 /* Project object */ = {
			isa = PBXProject;
			attributes = {
				LastUpgradeCheck = 0420;
				ORGANIZATIONNAME = "MML-Concordia";
			};
			buildConfigurationList = A16E8BF3148075B800F66E96 /* Build configuration list for PBXProject "DataMobile" */;
			compatibilityVersion = "Xcode 3.2";
			developmentRegion = English;
			hasScannedForEncodings = 0;
			knownRegions = (
				en,
				English,
			);
			mainGroup = A16E8BEE148075B800F66E96;
			productRefGroup = A16E8BFA148075B800F66E96 /* Products */;
			projectDirPath = "";
			projectRoot = "";
			targets = (
				A16E8BF8148075B800F66E96 /* DataMobile */,
				A18CD05A14916716000CC7E7 /* DataMobileTest */,
			);
		};
/* End PBXProject section */

/* Begin PBXResourcesBuildPhase section */
		A16E8BF7148075B800F66E96 /* Resources */ = {
			isa = PBXResourcesBuildPhase;
			buildActionMask = 2147483647;
			files = (
				A101D9AD14A2ADAE00DFC446 /* config-test.plist in Resources */,
				A16E8C0A148075B800F66E96 /* InfoPlist.strings in Resources */,
				A196CDEE148078CD00F61C06 /* Storyboard.storyboard in Resources */,
				A1FA278B149C2220009745EB /* config.plist in Resources */,
			);
			runOnlyForDeploymentPostprocessing = 0;
		};
		A18CD05814916716000CC7E7 /* Resources */ = {
			isa = PBXResourcesBuildPhase;
			buildActionMask = 2147483647;
			files = (
				A18CD06514916716000CC7E7 /* InfoPlist.strings in Resources */,
				A18CD074149169E9000CC7E7 /* Location.gpx in Resources */,
				A101D9AC14A2ACE900DFC446 /* config-test.plist in Resources */,
			);
			runOnlyForDeploymentPostprocessing = 0;
		};
/* End PBXResourcesBuildPhase section */

/* Begin PBXShellScriptBuildPhase section */
		A18CD05914916716000CC7E7 /* ShellScript */ = {
			isa = PBXShellScriptBuildPhase;
			buildActionMask = 2147483647;
			files = (
			);
			inputPaths = (
			);
			outputPaths = (
			);
			runOnlyForDeploymentPostprocessing = 0;
			shellPath = /bin/sh;
			shellScript = "# Run the unit tests in this test bundle.\n\"${SYSTEM_DEVELOPER_DIR}/Tools/RunUnitTests\"\n";
		};
/* End PBXShellScriptBuildPhase section */

/* Begin PBXSourcesBuildPhase section */
		A16E8BF5148075B800F66E96 /* Sources */ = {
			isa = PBXSourcesBuildPhase;
			buildActionMask = 2147483647;
			files = (
				A16E8C0C148075B800F66E96 /* main.m in Sources */,
				A16E8C10148075B800F66E96 /* DMAppDelegate.m in Sources */,
				A16E8C13148075B800F66E96 /* DataMobile.xcdatamodeld in Sources */,
				A196CDE81480784600F61C06 /* CSVExporter.m in Sources */,
				A196CDEC1480785C00F61C06 /* AlertViewManager.m in Sources */,
				A196CDF11480790700F61C06 /* MainViewController.m in Sources */,
				A18F3290148309CA0029B2BF /* FileSender.m in Sources */,
				A16AEBD31483F0480079A0AA /* LocationManagerHandler.m in Sources */,
				A16AEBD7148432CD0079A0AA /* DatePickerController.m in Sources */,
				A1FA278E149C22D4009745EB /* Config.m in Sources */,
				3CE9FED214C64D9E00CC79C9 /* SendState.m in Sources */,
				3CE9FED714C650D800CC79C9 /* NoSendState.m in Sources */,
				3CE9FEDA14C650FE00CC79C9 /* SendingSendState.m in Sources */,
				3CE9FEDD14C6511B00CC79C9 /* SendableSendState.m in Sources */,
				3CE0129514FECF3B001D565A /* MapViewController.m in Sources */,
			);
			runOnlyForDeploymentPostprocessing = 0;
		};
		A18CD05614916716000CC7E7 /* Sources */ = {
			isa = PBXSourcesBuildPhase;
			buildActionMask = 2147483647;
			files = (
				A18CD07214916949000CC7E7 /* TestTest.m in Sources */,
				A14AC87C1494383300C36EB6 /* FileSenderTest.m in Sources */,
				A1FA2792149C2C2F009745EB /* ConfigTest.m in Sources */,
			);
			runOnlyForDeploymentPostprocessing = 0;
		};
/* End PBXSourcesBuildPhase section */

/* Begin PBXTargetDependency section */
		A18CD06F1491672A000CC7E7 /* PBXTargetDependency */ = {
			isa = PBXTargetDependency;
			target = A16E8BF8148075B800F66E96 /* DataMobile */;
			targetProxy = A18CD06E1491672A000CC7E7 /* PBXContainerItemProxy */;
		};
/* End PBXTargetDependency section */

/* Begin PBXVariantGroup section */
		A16E8C08148075B800F66E96 /* InfoPlist.strings */ = {
			isa = PBXVariantGroup;
			children = (
				A16E8C09148075B800F66E96 /* en */,
			);
			name = InfoPlist.strings;
			sourceTree = "<group>";
		};
		A18CD06314916716000CC7E7 /* InfoPlist.strings */ = {
			isa = PBXVariantGroup;
			children = (
				A18CD06414916716000CC7E7 /* en */,
			);
			name = InfoPlist.strings;
			sourceTree = "<group>";
		};
/* End PBXVariantGroup section */

/* Begin XCBuildConfiguration section */
		A16E8C14148075B800F66E96 /* Debug */ = {
			isa = XCBuildConfiguration;
			buildSettings = {
				ALWAYS_SEARCH_USER_PATHS = NO;
				ARCHS = "$(ARCHS_STANDARD_32_BIT)";
				CLANG_ENABLE_OBJC_ARC = YES;
				"CODE_SIGN_IDENTITY[sdk=iphoneos*]" = "iPhone Developer";
				COPY_PHASE_STRIP = NO;
				GCC_C_LANGUAGE_STANDARD = gnu99;
				GCC_DYNAMIC_NO_PIC = NO;
				GCC_OPTIMIZATION_LEVEL = 0;
				GCC_PREPROCESSOR_DEFINITIONS = (
					"DEBUG=1",
					"$(inherited)",
				);
				GCC_SYMBOLS_PRIVATE_EXTERN = NO;
				GCC_VERSION = com.apple.compilers.llvm.clang.1_0;
				GCC_WARN_ABOUT_MISSING_PROTOTYPES = YES;
				GCC_WARN_ABOUT_RETURN_TYPE = YES;
				GCC_WARN_UNUSED_VARIABLE = YES;
				IPHONEOS_DEPLOYMENT_TARGET = 5.0;
				SDKROOT = iphoneos;
			};
			name = Debug;
		};
		A16E8C15148075B800F66E96 /* Release */ = {
			isa = XCBuildConfiguration;
			buildSettings = {
				ALWAYS_SEARCH_USER_PATHS = NO;
				ARCHS = "$(ARCHS_STANDARD_32_BIT)";
				CLANG_ENABLE_OBJC_ARC = YES;
				"CODE_SIGN_IDENTITY[sdk=iphoneos*]" = "iPhone Developer";
				COPY_PHASE_STRIP = YES;
				GCC_C_LANGUAGE_STANDARD = gnu99;
				GCC_VERSION = com.apple.compilers.llvm.clang.1_0;
				GCC_WARN_ABOUT_MISSING_PROTOTYPES = YES;
				GCC_WARN_ABOUT_RETURN_TYPE = YES;
				GCC_WARN_UNUSED_VARIABLE = YES;
				IPHONEOS_DEPLOYMENT_TARGET = 5.0;
				OTHER_CFLAGS = "-DNS_BLOCK_ASSERTIONS=1";
				SDKROOT = iphoneos;
				VALIDATE_PRODUCT = YES;
			};
			name = Release;
		};
		A16E8C17148075B800F66E96 /* Debug */ = {
			isa = XCBuildConfiguration;
			buildSettings = {
				CLANG_ENABLE_OBJC_ARC = YES;
				GCC_PRECOMPILE_PREFIX_HEADER = YES;
				GCC_PREFIX_HEADER = "DataMobile/DataMobile-Prefix.pch";
				INFOPLIST_FILE = "DataMobile/DataMobile-Info.plist";
				PRODUCT_NAME = "$(TARGET_NAME)";
				SDKROOT = iphoneos;
				WRAPPER_EXTENSION = app;
			};
			name = Debug;
		};
		A16E8C18148075B800F66E96 /* Release */ = {
			isa = XCBuildConfiguration;
			buildSettings = {
				CLANG_ENABLE_OBJC_ARC = YES;
				GCC_PRECOMPILE_PREFIX_HEADER = YES;
				GCC_PREFIX_HEADER = "DataMobile/DataMobile-Prefix.pch";
				INFOPLIST_FILE = "DataMobile/DataMobile-Info.plist";
				PRODUCT_NAME = "$(TARGET_NAME)";
				SDKROOT = iphoneos;
				WRAPPER_EXTENSION = app;
			};
			name = Release;
		};
		A18CD06A14916716000CC7E7 /* Debug */ = {
			isa = XCBuildConfiguration;
			buildSettings = {
				BUNDLE_LOADER = "$(BUILT_PRODUCTS_DIR)/DataMobile.app/DataMobile";
				FRAMEWORK_SEARCH_PATHS = (
					"$(SDKROOT)/Developer/Library/Frameworks",
					"$(DEVELOPER_LIBRARY_DIR)/Frameworks",
				);
				GCC_PRECOMPILE_PREFIX_HEADER = YES;
				GCC_PREFIX_HEADER = "DataMobileTest/DataMobileTest-Prefix.pch";
				GCC_SYMBOLS_PRIVATE_EXTERN = NO;
				INFOPLIST_FILE = "DataMobileTest/DataMobileTest-Info.plist";
				PRODUCT_NAME = "$(TARGET_NAME)";
				SDKROOT = iphoneos;
				TEST_HOST = "$(BUNDLE_LOADER)";
				WRAPPER_EXTENSION = octest;
			};
			name = Debug;
		};
		A18CD06B14916716000CC7E7 /* Release */ = {
			isa = XCBuildConfiguration;
			buildSettings = {
				BUNDLE_LOADER = "$(BUILT_PRODUCTS_DIR)/DataMobile.app/DataMobile";
				FRAMEWORK_SEARCH_PATHS = (
					"$(SDKROOT)/Developer/Library/Frameworks",
					"$(DEVELOPER_LIBRARY_DIR)/Frameworks",
				);
				GCC_PRECOMPILE_PREFIX_HEADER = YES;
				GCC_PREFIX_HEADER = "DataMobileTest/DataMobileTest-Prefix.pch";
				GCC_SYMBOLS_PRIVATE_EXTERN = NO;
				INFOPLIST_FILE = "DataMobileTest/DataMobileTest-Info.plist";
				PRODUCT_NAME = "$(TARGET_NAME)";
				SDKROOT = iphoneos;
				TEST_HOST = "$(BUNDLE_LOADER)";
				WRAPPER_EXTENSION = octest;
			};
			name = Release;
		};
/* End XCBuildConfiguration section */

/* Begin XCConfigurationList section */
		A16E8BF3148075B800F66E96 /* Build configuration list for PBXProject "DataMobile" */ = {
			isa = XCConfigurationList;
			buildConfigurations = (
				A16E8C14148075B800F66E96 /* Debug */,
				A16E8C15148075B800F66E96 /* Release */,
			);
			defaultConfigurationIsVisible = 0;
			defaultConfigurationName = Release;
		};
		A16E8C16148075B800F66E96 /* Build configuration list for PBXNativeTarget "DataMobile" */ = {
			isa = XCConfigurationList;
			buildConfigurations = (
				A16E8C17148075B800F66E96 /* Debug */,
				A16E8C18148075B800F66E96 /* Release */,
			);
			defaultConfigurationIsVisible = 0;
			defaultConfigurationName = Release;
		};
		A18CD06C14916716000CC7E7 /* Build configuration list for PBXNativeTarget "DataMobileTest" */ = {
			isa = XCConfigurationList;
			buildConfigurations = (
				A18CD06A14916716000CC7E7 /* Debug */,
				A18CD06B14916716000CC7E7 /* Release */,
			);
			defaultConfigurationIsVisible = 0;
			defaultConfigurationName = Release;
		};
/* End XCConfigurationList section */

/* Begin XCVersionGroup section */
		A16E8C11148075B800F66E96 /* DataMobile.xcdatamodeld */ = {
			isa = XCVersionGroup;
			children = (
				A16E8C12148075B800F66E96 /* DataMobile.xcdatamodel */,
			);
			currentVersion = A16E8C12148075B800F66E96 /* DataMobile.xcdatamodel */;
			path = DataMobile.xcdatamodeld;
			sourceTree = "<group>";
			versionGroupType = wrapper.xcdatamodel;
		};
/* End XCVersionGroup section */
	};
	rootObject = A16E8BF0148075B800F66E96 /* Project object */;
}
